PODS:
  - Mapbox-iOS-SDK (3.7.5)
  - ReSwift (4.0.1)

DEPENDENCIES:
  - Mapbox-iOS-SDK (~> 3.7)
  - ReSwift

SPEC CHECKSUMS:
  Mapbox-iOS-SDK: 107e331a7ae02e6be902c1557d3454c54e18ce5b
  ReSwift: f4012c613e13da7398827fe5aebdb938eaed40a3

PODFILE CHECKSUM: e76072e9fd88b13f0451e9e88946a917a9b37499

COCOAPODS: 1.4.0
