// !$*UTF8*$!
{
	archiveVersion = 1;
	classes = {
	};
	objectVersion = 48;
	objects = {

/* Begin PBXBuildFile section */
		443D015A2045FC3B006B4966 /* UserLocationMiddleware.swift in Sources */ = {isa = PBXBuildFile; fileRef = 443D01592045FC3B006B4966 /* UserLocationMiddleware.swift */; };
		443D015F2045FC9C006B4966 /* MainViewController.swift in Sources */ = {isa = PBXBuildFile; fileRef = 443D015B2045FC9C006B4966 /* MainViewController.swift */; };
		443D01602045FC9C006B4966 /* SearchBarViewController.swift in Sources */ = {isa = PBXBuildFile; fileRef = 443D015C2045FC9C006B4966 /* SearchBarViewController.swift */; };
		443D01612045FC9C006B4966 /* SearchResultViewController.swift in Sources */ = {isa = PBXBuildFile; fileRef = 443D015D2045FC9C006B4966 /* SearchResultViewController.swift */; };
		443D01622045FC9C006B4966 /* MapViewController.swift in Sources */ = {isa = PBXBuildFile; fileRef = 443D015E2045FC9C006B4966 /* MapViewController.swift */; };
		443D01642045FD0A006B4966 /* Address.swift in Sources */ = {isa = PBXBuildFile; fileRef = 443D01632045FD0A006B4966 /* Address.swift */; };
		443D01672045FD1A006B4966 /* AppStateBuilder.swift in Sources */ = {isa = PBXBuildFile; fileRef = 443D01652045FD1A006B4966 /* AppStateBuilder.swift */; };
		443D01682045FD1A006B4966 /* GeocoderMiddleware.swift in Sources */ = {isa = PBXBuildFile; fileRef = 443D01662045FD1A006B4966 /* GeocoderMiddleware.swift */; };
		446D49D12045FB0500577110 /* AppState.swift in Sources */ = {isa = PBXBuildFile; fileRef = 446D49CE2045FB0500577110 /* AppState.swift */; };
		446D49D22045FB0500577110 /* Reducer.swift in Sources */ = {isa = PBXBuildFile; fileRef = 446D49CF2045FB0500577110 /* Reducer.swift */; };
		446D49D32045FB0500577110 /* Actions.swift in Sources */ = {isa = PBXBuildFile; fileRef = 446D49D02045FB0500577110 /* Actions.swift */; };
		446D49D52045FB0E00577110 /* ReducerTests.swift in Sources */ = {isa = PBXBuildFile; fileRef = 446D49D42045FB0E00577110 /* ReducerTests.swift */; };
		447D362B203DA42F00E82B83 /* AppDelegate.swift in Sources */ = {isa = PBXBuildFile; fileRef = 447D362A203DA42F00E82B83 /* AppDelegate.swift */; };
		447D3630203DA42F00E82B83 /* Main.storyboard in Resources */ = {isa = PBXBuildFile; fileRef = 447D362E203DA42F00E82B83 /* Main.storyboard */; };
		447D3632203DA42F00E82B83 /* Assets.xcassets in Resources */ = {isa = PBXBuildFile; fileRef = 447D3631203DA42F00E82B83 /* Assets.xcassets */; };
		447D3635203DA42F00E82B83 /* LaunchScreen.storyboard in Resources */ = {isa = PBXBuildFile; fileRef = 447D3633203DA42F00E82B83 /* LaunchScreen.storyboard */; };
		7232FF39429D5F8E18CC4EED /* Pods_MyAddresses.framework in Frameworks */ = {isa = PBXBuildFile; fileRef = 62358EB994EE8BC615FC621B /* Pods_MyAddresses.framework */; };
		B9C5118A88DE4FA0238311D7 /* Pods_MyAddressesTests.framework in Frameworks */ = {isa = PBXBuildFile; fileRef = CBC4B1B80C2AAA84E1E7E356 /* Pods_MyAddressesTests.framework */; };
/* End PBXBuildFile section */

/* Begin PBXContainerItemProxy section */
		447D363C203DA43000E82B83 /* PBXContainerItemProxy */ = {
			isa = PBXContainerItemProxy;
			containerPortal = 447D361F203DA42F00E82B83 /* Project object */;
			proxyType = 1;
			remoteGlobalIDString = 447D3626203DA42F00E82B83;
			remoteInfo = MyAddresses;
		};
/* End PBXContainerItemProxy section */

/* Begin PBXFileReference section */
		443D01592045FC3B006B4966 /* UserLocationMiddleware.swift */ = {isa = PBXFileReference; fileEncoding = 4; lastKnownFileType = sourcecode.swift; path = UserLocationMiddleware.swift; sourceTree = "<group>"; };
		443D015B2045FC9C006B4966 /* MainViewController.swift */ = {isa = PBXFileReference; fileEncoding = 4; lastKnownFileType = sourcecode.swift; path = MainViewController.swift; sourceTree = "<group>"; };
		443D015C2045FC9C006B4966 /* SearchBarViewController.swift */ = {isa = PBXFileReference; fileEncoding = 4; lastKnownFileType = sourcecode.swift; path = SearchBarViewController.swift; sourceTree = "<group>"; };
		443D015D2045FC9C006B4966 /* SearchResultViewController.swift */ = {isa = PBXFileReference; fileEncoding = 4; lastKnownFileType = sourcecode.swift; path = SearchResultViewController.swift; sourceTree = "<group>"; };
		443D015E2045FC9C006B4966 /* MapViewController.swift */ = {isa = PBXFileReference; fileEncoding = 4; lastKnownFileType = sourcecode.swift; path = MapViewController.swift; sourceTree = "<group>"; };
		443D01632045FD0A006B4966 /* Address.swift */ = {isa = PBXFileReference; fileEncoding = 4; lastKnownFileType = sourcecode.swift; path = Address.swift; sourceTree = "<group>"; };
		443D01652045FD1A006B4966 /* AppStateBuilder.swift */ = {isa = PBXFileReference; fileEncoding = 4; lastKnownFileType = sourcecode.swift; path = AppStateBuilder.swift; sourceTree = "<group>"; };
		443D01662045FD1A006B4966 /* GeocoderMiddleware.swift */ = {isa = PBXFileReference; fileEncoding = 4; lastKnownFileType = sourcecode.swift; path = GeocoderMiddleware.swift; sourceTree = "<group>"; };
		44640A06203EF26A0062181A /* Mapbox.framework */ = {isa = PBXFileReference; lastKnownFileType = wrapper.framework; name = Mapbox.framework; path = Carthage/Build/iOS/Mapbox.framework; sourceTree = "<group>"; };
		446D49CE2045FB0500577110 /* AppState.swift */ = {isa = PBXFileReference; fileEncoding = 4; lastKnownFileType = sourcecode.swift; path = AppState.swift; sourceTree = "<group>"; };
		446D49CF2045FB0500577110 /* Reducer.swift */ = {isa = PBXFileReference; fileEncoding = 4; lastKnownFileType = sourcecode.swift; path = Reducer.swift; sourceTree = "<group>"; };
		446D49D02045FB0500577110 /* Actions.swift */ = {isa = PBXFileReference; fileEncoding = 4; lastKnownFileType = sourcecode.swift; path = Actions.swift; sourceTree = "<group>"; };
		446D49D42045FB0E00577110 /* ReducerTests.swift */ = {isa = PBXFileReference; fileEncoding = 4; lastKnownFileType = sourcecode.swift; path = ReducerTests.swift; sourceTree = "<group>"; };
		447D3627203DA42F00E82B83 /* MyAddresses.app */ = {isa = PBXFileReference; explicitFileType = wrapper.application; includeInIndex = 0; path = MyAddresses.app; sourceTree = BUILT_PRODUCTS_DIR; };
		447D362A203DA42F00E82B83 /* AppDelegate.swift */ = {isa = PBXFileReference; lastKnownFileType = sourcecode.swift; path = AppDelegate.swift; sourceTree = "<group>"; };
		447D362F203DA42F00E82B83 /* Base */ = {isa = PBXFileReference; lastKnownFileType = file.storyboard; name = Base; path = Base.lproj/Main.storyboard; sourceTree = "<group>"; };
		447D3631203DA42F00E82B83 /* Assets.xcassets */ = {isa = PBXFileReference; lastKnownFileType = folder.assetcatalog; path = Assets.xcassets; sourceTree = "<group>"; };
		447D3634203DA42F00E82B83 /* Base */ = {isa = PBXFileReference; lastKnownFileType = file.storyboard; name = Base; path = Base.lproj/LaunchScreen.storyboard; sourceTree = "<group>"; };
		447D3636203DA42F00E82B83 /* Info.plist */ = {isa = PBXFileReference; lastKnownFileType = text.plist.xml; path = Info.plist; sourceTree = "<group>"; };
		447D363B203DA43000E82B83 /* MyAddressesTests.xctest */ = {isa = PBXFileReference; explicitFileType = wrapper.cfbundle; includeInIndex = 0; path = MyAddressesTests.xctest; sourceTree = BUILT_PRODUCTS_DIR; };
		447D3641203DA43000E82B83 /* Info.plist */ = {isa = PBXFileReference; lastKnownFileType = text.plist.xml; path = Info.plist; sourceTree = "<group>"; };
		62358EB994EE8BC615FC621B /* Pods_MyAddresses.framework */ = {isa = PBXFileReference; explicitFileType = wrapper.framework; includeInIndex = 0; path = Pods_MyAddresses.framework; sourceTree = BUILT_PRODUCTS_DIR; };
		A21AD5ED032EDCA3E4EFE2F8 /* Pods-MyAddresses.release.xcconfig */ = {isa = PBXFileReference; includeInIndex = 1; lastKnownFileType = text.xcconfig; name = "Pods-MyAddresses.release.xcconfig"; path = "Pods/Target Support Files/Pods-MyAddresses/Pods-MyAddresses.release.xcconfig"; sourceTree = "<group>"; };
		CB9D9E919DD2709E8EC4DF20 /* Pods-MyAddressesTests.debug.xcconfig */ = {isa = PBXFileReference; includeInIndex = 1; lastKnownFileType = text.xcconfig; name = "Pods-MyAddressesTests.debug.xcconfig"; path = "Pods/Target Support Files/Pods-MyAddressesTests/Pods-MyAddressesTests.debug.xcconfig"; sourceTree = "<group>"; };
		CBC4B1B80C2AAA84E1E7E356 /* Pods_MyAddressesTests.framework */ = {isa = PBXFileReference; explicitFileType = wrapper.framework; includeInIndex = 0; path = Pods_MyAddressesTests.framework; sourceTree = BUILT_PRODUCTS_DIR; };
		E0DE775D8D77F0D13ADCD912 /* Pods-MyAddressesTests.release.xcconfig */ = {isa = PBXFileReference; includeInIndex = 1; lastKnownFileType = text.xcconfig; name = "Pods-MyAddressesTests.release.xcconfig"; path = "Pods/Target Support Files/Pods-MyAddressesTests/Pods-MyAddressesTests.release.xcconfig"; sourceTree = "<group>"; };
		FA550A20126BC71C48FB0AFA /* Pods-MyAddresses.debug.xcconfig */ = {isa = PBXFileReference; includeInIndex = 1; lastKnownFileType = text.xcconfig; name = "Pods-MyAddresses.debug.xcconfig"; path = "Pods/Target Support Files/Pods-MyAddresses/Pods-MyAddresses.debug.xcconfig"; sourceTree = "<group>"; };
/* End PBXFileReference section */

/* Begin PBXFrameworksBuildPhase section */
		447D3624203DA42F00E82B83 /* Frameworks */ = {
			isa = PBXFrameworksBuildPhase;
			buildActionMask = 2147483647;
			files = (
				7232FF39429D5F8E18CC4EED /* Pods_MyAddresses.framework in Frameworks */,
			);
			runOnlyForDeploymentPostprocessing = 0;
		};
		447D3638203DA43000E82B83 /* Frameworks */ = {
			isa = PBXFrameworksBuildPhase;
			buildActionMask = 2147483647;
			files = (
				B9C5118A88DE4FA0238311D7 /* Pods_MyAddressesTests.framework in Frameworks */,
			);
			runOnlyForDeploymentPostprocessing = 0;
		};
/* End PBXFrameworksBuildPhase section */

/* Begin PBXGroup section */
		44640A05203EF2690062181A /* Frameworks */ = {
			isa = PBXGroup;
			children = (
				44640A06203EF26A0062181A /* Mapbox.framework */,
				62358EB994EE8BC615FC621B /* Pods_MyAddresses.framework */,
				CBC4B1B80C2AAA84E1E7E356 /* Pods_MyAddressesTests.framework */,
			);
			name = Frameworks;
			sourceTree = "<group>";
		};
		447D361E203DA42F00E82B83 = {
			isa = PBXGroup;
			children = (
				447D3629203DA42F00E82B83 /* MyAddresses */,
				447D363E203DA43000E82B83 /* MyAddressesTests */,
				447D3628203DA42F00E82B83 /* Products */,
				44640A05203EF2690062181A /* Frameworks */,
				CEAB44ADEBE9AE5DED8F3A49 /* Pods */,
			);
			sourceTree = "<group>";
		};
		447D3628203DA42F00E82B83 /* Products */ = {
			isa = PBXGroup;
			children = (
				447D3627203DA42F00E82B83 /* MyAddresses.app */,
				447D363B203DA43000E82B83 /* MyAddressesTests.xctest */,
			);
			name = Products;
			sourceTree = "<group>";
		};
		447D3629203DA42F00E82B83 /* MyAddresses */ = {
			isa = PBXGroup;
			children = (
				443D015B2045FC9C006B4966 /* MainViewController.swift */,
				443D015E2045FC9C006B4966 /* MapViewController.swift */,
				443D015C2045FC9C006B4966 /* SearchBarViewController.swift */,
				443D015D2045FC9C006B4966 /* SearchResultViewController.swift */,
				443D01592045FC3B006B4966 /* UserLocationMiddleware.swift */,
				443D01662045FD1A006B4966 /* GeocoderMiddleware.swift */,
				446D49D02045FB0500577110 /* Actions.swift */,
				446D49CE2045FB0500577110 /* AppState.swift */,
				443D01652045FD1A006B4966 /* AppStateBuilder.swift */,
				446D49CF2045FB0500577110 /* Reducer.swift */,
				443D01632045FD0A006B4966 /* Address.swift */,
				447D362A203DA42F00E82B83 /* AppDelegate.swift */,
				447D362E203DA42F00E82B83 /* Main.storyboard */,
				447D3631203DA42F00E82B83 /* Assets.xcassets */,
				447D3633203DA42F00E82B83 /* LaunchScreen.storyboard */,
				447D3636203DA42F00E82B83 /* Info.plist */,
			);
			path = MyAddresses;
			sourceTree = "<group>";
		};
		447D363E203DA43000E82B83 /* MyAddressesTests */ = {
			isa = PBXGroup;
			children = (
				446D49D42045FB0E00577110 /* ReducerTests.swift */,
				447D3641203DA43000E82B83 /* Info.plist */,
			);
			path = MyAddressesTests;
			sourceTree = "<group>";
		};
		CEAB44ADEBE9AE5DED8F3A49 /* Pods */ = {
			isa = PBXGroup;
			children = (
				FA550A20126BC71C48FB0AFA /* Pods-MyAddresses.debug.xcconfig */,
				A21AD5ED032EDCA3E4EFE2F8 /* Pods-MyAddresses.release.xcconfig */,
				CB9D9E919DD2709E8EC4DF20 /* Pods-MyAddressesTests.debug.xcconfig */,
				E0DE775D8D77F0D13ADCD912 /* Pods-MyAddressesTests.release.xcconfig */,
			);
			name = Pods;
			sourceTree = "<group>";
		};
/* End PBXGroup section */

/* Begin PBXNativeTarget section */
		447D3626203DA42F00E82B83 /* MyAddresses */ = {
			isa = PBXNativeTarget;
			buildConfigurationList = 447D3644203DA43000E82B83 /* Build configuration list for PBXNativeTarget "MyAddresses" */;
			buildPhases = (
				5B7E8B3D7F97C344836704EA /* [CP] Check Pods Manifest.lock */,
				447D3623203DA42F00E82B83 /* Sources */,
				447D3624203DA42F00E82B83 /* Frameworks */,
				447D3625203DA42F00E82B83 /* Resources */,
				44640A0A203EF5210062181A /* ShellScript */,
				9AF3AAFF61FF6BA0EB60AAFD /* [CP] Embed Pods Frameworks */,
				86EC00D3819BD7A80A6BA1D0 /* [CP] Copy Pods Resources */,
			);
			buildRules = (
			);
			dependencies = (
			);
			name = MyAddresses;
			productName = MyAddresses;
			productReference = 447D3627203DA42F00E82B83 /* MyAddresses.app */;
			productType = "com.apple.product-type.application";
		};
		447D363A203DA43000E82B83 /* MyAddressesTests */ = {
			isa = PBXNativeTarget;
			buildConfigurationList = 447D3647203DA43000E82B83 /* Build configuration list for PBXNativeTarget "MyAddressesTests" */;
			buildPhases = (
				94F4490E6E958B141A138916 /* [CP] Check Pods Manifest.lock */,
				447D3637203DA43000E82B83 /* Sources */,
				447D3638203DA43000E82B83 /* Frameworks */,
				447D3639203DA43000E82B83 /* Resources */,
				576F6E11DA1F856A1FF70F6E /* [CP] Embed Pods Frameworks */,
				9100BB067BD70BE32DD02EC3 /* [CP] Copy Pods Resources */,
			);
			buildRules = (
			);
			dependencies = (
				447D363D203DA43000E82B83 /* PBXTargetDependency */,
			);
			name = MyAddressesTests;
			productName = MyAddressesTests;
			productReference = 447D363B203DA43000E82B83 /* MyAddressesTests.xctest */;
			productType = "com.apple.product-type.bundle.unit-test";
		};
/* End PBXNativeTarget section */

/* Begin PBXProject section */
		447D361F203DA42F00E82B83 /* Project object */ = {
			isa = PBXProject;
			attributes = {
				LastSwiftUpdateCheck = 0920;
				LastUpgradeCheck = 0920;
				ORGANIZATIONNAME = ViaMichelin;
				TargetAttributes = {
					447D3626203DA42F00E82B83 = {
						CreatedOnToolsVersion = 9.2;
						ProvisioningStyle = Automatic;
					};
					447D363A203DA43000E82B83 = {
						CreatedOnToolsVersion = 9.2;
						ProvisioningStyle = Automatic;
						TestTargetID = 447D3626203DA42F00E82B83;
					};
				};
			};
			buildConfigurationList = 447D3622203DA42F00E82B83 /* Build configuration list for PBXProject "MyAddresses" */;
			compatibilityVersion = "Xcode 8.0";
			developmentRegion = en;
			hasScannedForEncodings = 0;
			knownRegions = (
				en,
				Base,
			);
			mainGroup = 447D361E203DA42F00E82B83;
			productRefGroup = 447D3628203DA42F00E82B83 /* Products */;
			projectDirPath = "";
			projectRoot = "";
			targets = (
				447D3626203DA42F00E82B83 /* MyAddresses */,
				447D363A203DA43000E82B83 /* MyAddressesTests */,
			);
		};
/* End PBXProject section */

/* Begin PBXResourcesBuildPhase section */
		447D3625203DA42F00E82B83 /* Resources */ = {
			isa = PBXResourcesBuildPhase;
			buildActionMask = 2147483647;
			files = (
				447D3635203DA42F00E82B83 /* LaunchScreen.storyboard in Resources */,
				447D3632203DA42F00E82B83 /* Assets.xcassets in Resources */,
				447D3630203DA42F00E82B83 /* Main.storyboard in Resources */,
			);
			runOnlyForDeploymentPostprocessing = 0;
		};
		447D3639203DA43000E82B83 /* Resources */ = {
			isa = PBXResourcesBuildPhase;
			buildActionMask = 2147483647;
			files = (
			);
			runOnlyForDeploymentPostprocessing = 0;
		};
/* End PBXResourcesBuildPhase section */

/* Begin PBXShellScriptBuildPhase section */
		44640A0A203EF5210062181A /* ShellScript */ = {
			isa = PBXShellScriptBuildPhase;
			buildActionMask = 2147483647;
			files = (
			);
			inputPaths = (
			);
			outputPaths = (
			);
			runOnlyForDeploymentPostprocessing = 0;
			shellPath = /bin/sh;
			shellScript = "token_file=.mapbox\ntoken=\"$(cat $token_file)\"\nif [ \"$token\" ]; then\nplutil -replace MGLMapboxAccessToken -string $token \"$TARGET_BUILD_DIR/$INFOPLIST_PATH\"\nelse\necho 'error: Missing Mapbox access token'\nopen 'https://www.mapbox.com/studio/account/tokens/'\necho \"error: Get an access token from <https://www.mapbox.com/studio/account/tokens/>, then create a new file at $token_file that contains the access token.\"\nexit 1\nfi";
		};
		576F6E11DA1F856A1FF70F6E /* [CP] Embed Pods Frameworks */ = {
			isa = PBXShellScriptBuildPhase;
			buildActionMask = 2147483647;
			files = (
			);
			inputPaths = (
				"${SRCROOT}/Pods/Target Support Files/Pods-MyAddressesTests/Pods-MyAddressesTests-frameworks.sh",
				"${BUILT_PRODUCTS_DIR}/ReSwift/ReSwift.framework",
			);
			name = "[CP] Embed Pods Frameworks";
			outputPaths = (
				"${TARGET_BUILD_DIR}/${FRAMEWORKS_FOLDER_PATH}/ReSwift.framework",
			);
			runOnlyForDeploymentPostprocessing = 0;
			shellPath = /bin/sh;
			shellScript = "\"${SRCROOT}/Pods/Target Support Files/Pods-MyAddressesTests/Pods-MyAddressesTests-frameworks.sh\"\n";
			showEnvVarsInLog = 0;
		};
		5B7E8B3D7F97C344836704EA /* [CP] Check Pods Manifest.lock */ = {
			isa = PBXShellScriptBuildPhase;
			buildActionMask = 2147483647;
			files = (
			);
			inputPaths = (
				"${PODS_PODFILE_DIR_PATH}/Podfile.lock",
				"${PODS_ROOT}/Manifest.lock",
			);
			name = "[CP] Check Pods Manifest.lock";
			outputPaths = (
				"$(DERIVED_FILE_DIR)/Pods-MyAddresses-checkManifestLockResult.txt",
			);
			runOnlyForDeploymentPostprocessing = 0;
			shellPath = /bin/sh;
			shellScript = "diff \"${PODS_PODFILE_DIR_PATH}/Podfile.lock\" \"${PODS_ROOT}/Manifest.lock\" > /dev/null\nif [ $? != 0 ] ; then\n    # print error to STDERR\n    echo \"error: The sandbox is not in sync with the Podfile.lock. Run 'pod install' or update your CocoaPods installation.\" >&2\n    exit 1\nfi\n# This output is used by Xcode 'outputs' to avoid re-running this script phase.\necho \"SUCCESS\" > \"${SCRIPT_OUTPUT_FILE_0}\"\n";
			showEnvVarsInLog = 0;
		};
		86EC00D3819BD7A80A6BA1D0 /* [CP] Copy Pods Resources */ = {
			isa = PBXShellScriptBuildPhase;
			buildActionMask = 2147483647;
			files = (
			);
			inputPaths = (
			);
			name = "[CP] Copy Pods Resources";
			outputPaths = (
			);
			runOnlyForDeploymentPostprocessing = 0;
			shellPath = /bin/sh;
			shellScript = "\"${SRCROOT}/Pods/Target Support Files/Pods-MyAddresses/Pods-MyAddresses-resources.sh\"\n";
			showEnvVarsInLog = 0;
		};
		9100BB067BD70BE32DD02EC3 /* [CP] Copy Pods Resources */ = {
			isa = PBXShellScriptBuildPhase;
			buildActionMask = 2147483647;
			files = (
			);
			inputPaths = (
			);
			name = "[CP] Copy Pods Resources";
			outputPaths = (
			);
			runOnlyForDeploymentPostprocessing = 0;
			shellPath = /bin/sh;
			shellScript = "\"${SRCROOT}/Pods/Target Support Files/Pods-MyAddressesTests/Pods-MyAddressesTests-resources.sh\"\n";
			showEnvVarsInLog = 0;
		};
		94F4490E6E958B141A138916 /* [CP] Check Pods Manifest.lock */ = {
			isa = PBXShellScriptBuildPhase;
			buildActionMask = 2147483647;
			files = (
			);
			inputPaths = (
				"${PODS_PODFILE_DIR_PATH}/Podfile.lock",
				"${PODS_ROOT}/Manifest.lock",
			);
			name = "[CP] Check Pods Manifest.lock";
			outputPaths = (
				"$(DERIVED_FILE_DIR)/Pods-MyAddressesTests-checkManifestLockResult.txt",
			);
			runOnlyForDeploymentPostprocessing = 0;
			shellPath = /bin/sh;
			shellScript = "diff \"${PODS_PODFILE_DIR_PATH}/Podfile.lock\" \"${PODS_ROOT}/Manifest.lock\" > /dev/null\nif [ $? != 0 ] ; then\n    # print error to STDERR\n    echo \"error: The sandbox is not in sync with the Podfile.lock. Run 'pod install' or update your CocoaPods installation.\" >&2\n    exit 1\nfi\n# This output is used by Xcode 'outputs' to avoid re-running this script phase.\necho \"SUCCESS\" > \"${SCRIPT_OUTPUT_FILE_0}\"\n";
			showEnvVarsInLog = 0;
		};
		9AF3AAFF61FF6BA0EB60AAFD /* [CP] Embed Pods Frameworks */ = {
			isa = PBXShellScriptBuildPhase;
			buildActionMask = 2147483647;
			files = (
			);
			inputPaths = (
				"${SRCROOT}/Pods/Target Support Files/Pods-MyAddresses/Pods-MyAddresses-frameworks.sh",
				"${PODS_ROOT}/Mapbox-iOS-SDK/dynamic/Mapbox.framework",
				"${PODS_ROOT}/Mapbox-iOS-SDK/dynamic/Mapbox.framework.dSYM",
				"${BUILT_PRODUCTS_DIR}/MapboxGeocoder.swift/MapboxGeocoder.framework",
				"${BUILT_PRODUCTS_DIR}/ReSwift/ReSwift.framework",
			);
			name = "[CP] Embed Pods Frameworks";
			outputPaths = (
				"${TARGET_BUILD_DIR}/${FRAMEWORKS_FOLDER_PATH}/Mapbox.framework",
				"${DWARF_DSYM_FOLDER_PATH}/Mapbox.framework.dSYM",
				"${TARGET_BUILD_DIR}/${FRAMEWORKS_FOLDER_PATH}/MapboxGeocoder.framework",
				"${TARGET_BUILD_DIR}/${FRAMEWORKS_FOLDER_PATH}/ReSwift.framework",
			);
			runOnlyForDeploymentPostprocessing = 0;
			shellPath = /bin/sh;
			shellScript = "\"${SRCROOT}/Pods/Target Support Files/Pods-MyAddresses/Pods-MyAddresses-frameworks.sh\"\n";
			showEnvVarsInLog = 0;
		};
/* End PBXShellScriptBuildPhase section */

/* Begin PBXSourcesBuildPhase section */
		447D3623203DA42F00E82B83 /* Sources */ = {
			isa = PBXSourcesBuildPhase;
			buildActionMask = 2147483647;
			files = (
				443D015F2045FC9C006B4966 /* MainViewController.swift in Sources */,
				443D01612045FC9C006B4966 /* SearchResultViewController.swift in Sources */,
				446D49D32045FB0500577110 /* Actions.swift in Sources */,
				443D01622045FC9C006B4966 /* MapViewController.swift in Sources */,
				443D01642045FD0A006B4966 /* Address.swift in Sources */,
				443D01682045FD1A006B4966 /* GeocoderMiddleware.swift in Sources */,
				443D01602045FC9C006B4966 /* SearchBarViewController.swift in Sources */,
				443D015A2045FC3B006B4966 /* UserLocationMiddleware.swift in Sources */,
				446D49D12045FB0500577110 /* AppState.swift in Sources */,
				443D01672045FD1A006B4966 /* AppStateBuilder.swift in Sources */,
				446D49D22045FB0500577110 /* Reducer.swift in Sources */,
				447D362B203DA42F00E82B83 /* AppDelegate.swift in Sources */,
			);
			runOnlyForDeploymentPostprocessing = 0;
		};
		447D3637203DA43000E82B83 /* Sources */ = {
			isa = PBXSourcesBuildPhase;
			buildActionMask = 2147483647;
			files = (
				446D49D52045FB0E00577110 /* ReducerTests.swift in Sources */,
			);
			runOnlyForDeploymentPostprocessing = 0;
		};
/* End PBXSourcesBuildPhase section */

/* Begin PBXTargetDependency section */
		447D363D203DA43000E82B83 /* PBXTargetDependency */ = {
			isa = PBXTargetDependency;
			target = 447D3626203DA42F00E82B83 /* MyAddresses */;
			targetProxy = 447D363C203DA43000E82B83 /* PBXContainerItemProxy */;
		};
/* End PBXTargetDependency section */

/* Begin PBXVariantGroup section */
		447D362E203DA42F00E82B83 /* Main.storyboard */ = {
			isa = PBXVariantGroup;
			children = (
				447D362F203DA42F00E82B83 /* Base */,
			);
			name = Main.storyboard;
			sourceTree = "<group>";
		};
		447D3633203DA42F00E82B83 /* LaunchScreen.storyboard */ = {
			isa = PBXVariantGroup;
			children = (
				447D3634203DA42F00E82B83 /* Base */,
			);
			name = LaunchScreen.storyboard;
			sourceTree = "<group>";
		};
/* End PBXVariantGroup section */

/* Begin XCBuildConfiguration section */
		447D3642203DA43000E82B83 /* Debug */ = {
			isa = XCBuildConfiguration;
			buildSettings = {
				ALWAYS_SEARCH_USER_PATHS = NO;
				CLANG_ANALYZER_NONNULL = YES;
				CLANG_ANALYZER_NUMBER_OBJECT_CONVERSION = YES_AGGRESSIVE;
				CLANG_CXX_LANGUAGE_STANDARD = "gnu++14";
				CLANG_CXX_LIBRARY = "libc++";
				CLANG_ENABLE_MODULES = YES;
				CLANG_ENABLE_OBJC_ARC = YES;
				CLANG_WARN_BLOCK_CAPTURE_AUTORELEASING = YES;
				CLANG_WARN_BOOL_CONVERSION = YES;
				CLANG_WARN_COMMA = YES;
				CLANG_WARN_CONSTANT_CONVERSION = YES;
				CLANG_WARN_DIRECT_OBJC_ISA_USAGE = YES_ERROR;
				CLANG_WARN_DOCUMENTATION_COMMENTS = YES;
				CLANG_WARN_EMPTY_BODY = YES;
				CLANG_WARN_ENUM_CONVERSION = YES;
				CLANG_WARN_INFINITE_RECURSION = YES;
				CLANG_WARN_INT_CONVERSION = YES;
				CLANG_WARN_NON_LITERAL_NULL_CONVERSION = YES;
				CLANG_WARN_OBJC_LITERAL_CONVERSION = YES;
				CLANG_WARN_OBJC_ROOT_CLASS = YES_ERROR;
				CLANG_WARN_RANGE_LOOP_ANALYSIS = YES;
				CLANG_WARN_STRICT_PROTOTYPES = YES;
				CLANG_WARN_SUSPICIOUS_MOVE = YES;
				CLANG_WARN_UNGUARDED_AVAILABILITY = YES_AGGRESSIVE;
				CLANG_WARN_UNREACHABLE_CODE = YES;
				CLANG_WARN__DUPLICATE_METHOD_MATCH = YES;
				CODE_SIGN_IDENTITY = "iPhone Developer";
				COPY_PHASE_STRIP = NO;
				DEBUG_INFORMATION_FORMAT = dwarf;
				ENABLE_STRICT_OBJC_MSGSEND = YES;
				ENABLE_TESTABILITY = YES;
				GCC_C_LANGUAGE_STANDARD = gnu11;
				GCC_DYNAMIC_NO_PIC = NO;
				GCC_NO_COMMON_BLOCKS = YES;
				GCC_OPTIMIZATION_LEVEL = 0;
				GCC_PREPROCESSOR_DEFINITIONS = (
					"DEBUG=1",
					"$(inherited)",
				);
				GCC_WARN_64_TO_32_BIT_CONVERSION = YES;
				GCC_WARN_ABOUT_RETURN_TYPE = YES_ERROR;
				GCC_WARN_UNDECLARED_SELECTOR = YES;
				GCC_WARN_UNINITIALIZED_AUTOS = YES_AGGRESSIVE;
				GCC_WARN_UNUSED_FUNCTION = YES;
				GCC_WARN_UNUSED_VARIABLE = YES;
				IPHONEOS_DEPLOYMENT_TARGET = 11.2;
				MTL_ENABLE_DEBUG_INFO = YES;
				ONLY_ACTIVE_ARCH = YES;
				SDKROOT = iphoneos;
				SWIFT_ACTIVE_COMPILATION_CONDITIONS = DEBUG;
				SWIFT_OPTIMIZATION_LEVEL = "-Onone";
			};
			name = Debug;
		};
		447D3643203DA43000E82B83 /* Release */ = {
			isa = XCBuildConfiguration;
			buildSettings = {
				ALWAYS_SEARCH_USER_PATHS = NO;
				CLANG_ANALYZER_NONNULL = YES;
				CLANG_ANALYZER_NUMBER_OBJECT_CONVERSION = YES_AGGRESSIVE;
				CLANG_CXX_LANGUAGE_STANDARD = "gnu++14";
				CLANG_CXX_LIBRARY = "libc++";
				CLANG_ENABLE_MODULES = YES;
				CLANG_ENABLE_OBJC_ARC = YES;
				CLANG_WARN_BLOCK_CAPTURE_AUTORELEASING = YES;
				CLANG_WARN_BOOL_CONVERSION = YES;
				CLANG_WARN_COMMA = YES;
				CLANG_WARN_CONSTANT_CONVERSION = YES;
				CLANG_WARN_DIRECT_OBJC_ISA_USAGE = YES_ERROR;
				CLANG_WARN_DOCUMENTATION_COMMENTS = YES;
				CLANG_WARN_EMPTY_BODY = YES;
				CLANG_WARN_ENUM_CONVERSION = YES;
				CLANG_WARN_INFINITE_RECURSION = YES;
				CLANG_WARN_INT_CONVERSION = YES;
				CLANG_WARN_NON_LITERAL_NULL_CONVERSION = YES;
				CLANG_WARN_OBJC_LITERAL_CONVERSION = YES;
				CLANG_WARN_OBJC_ROOT_CLASS = YES_ERROR;
				CLANG_WARN_RANGE_LOOP_ANALYSIS = YES;
				CLANG_WARN_STRICT_PROTOTYPES = YES;
				CLANG_WARN_SUSPICIOUS_MOVE = YES;
				CLANG_WARN_UNGUARDED_AVAILABILITY = YES_AGGRESSIVE;
				CLANG_WARN_UNREACHABLE_CODE = YES;
				CLANG_WARN__DUPLICATE_METHOD_MATCH = YES;
				CODE_SIGN_IDENTITY = "iPhone Developer";
				COPY_PHASE_STRIP = NO;
				DEBUG_INFORMATION_FORMAT = "dwarf-with-dsym";
				ENABLE_NS_ASSERTIONS = NO;
				ENABLE_STRICT_OBJC_MSGSEND = YES;
				GCC_C_LANGUAGE_STANDARD = gnu11;
				GCC_NO_COMMON_BLOCKS = YES;
				GCC_WARN_64_TO_32_BIT_CONVERSION = YES;
				GCC_WARN_ABOUT_RETURN_TYPE = YES_ERROR;
				GCC_WARN_UNDECLARED_SELECTOR = YES;
				GCC_WARN_UNINITIALIZED_AUTOS = YES_AGGRESSIVE;
				GCC_WARN_UNUSED_FUNCTION = YES;
				GCC_WARN_UNUSED_VARIABLE = YES;
				IPHONEOS_DEPLOYMENT_TARGET = 11.2;
				MTL_ENABLE_DEBUG_INFO = NO;
				SDKROOT = iphoneos;
				SWIFT_OPTIMIZATION_LEVEL = "-Owholemodule";
				VALIDATE_PRODUCT = YES;
			};
			name = Release;
		};
		447D3645203DA43000E82B83 /* Debug */ = {
			isa = XCBuildConfiguration;
			baseConfigurationReference = FA550A20126BC71C48FB0AFA /* Pods-MyAddresses.debug.xcconfig */;
			buildSettings = {
				ASSETCATALOG_COMPILER_APPICON_NAME = AppIcon;
				CODE_SIGN_STYLE = Automatic;
				FRAMEWORK_SEARCH_PATHS = (
					"$(inherited)",
					"$(PROJECT_DIR)/Carthage/Build/iOS",
				);
				INFOPLIST_FILE = MyAddresses/Info.plist;
				LD_RUNPATH_SEARCH_PATHS = "$(inherited) @executable_path/Frameworks";
				PRODUCT_BUNDLE_IDENTIFIER = com.asalliou.MyAddresses;
				PRODUCT_NAME = "$(TARGET_NAME)";
				SWIFT_VERSION = 4.0;
				TARGETED_DEVICE_FAMILY = "1,2";
			};
			name = Debug;
		};
		447D3646203DA43000E82B83 /* Release */ = {
			isa = XCBuildConfiguration;
			baseConfigurationReference = A21AD5ED032EDCA3E4EFE2F8 /* Pods-MyAddresses.release.xcconfig */;
			buildSettings = {
				ASSETCATALOG_COMPILER_APPICON_NAME = AppIcon;
				CODE_SIGN_STYLE = Automatic;
				FRAMEWORK_SEARCH_PATHS = (
					"$(inherited)",
					"$(PROJECT_DIR)/Carthage/Build/iOS",
				);
				INFOPLIST_FILE = MyAddresses/Info.plist;
				LD_RUNPATH_SEARCH_PATHS = "$(inherited) @executable_path/Frameworks";
				PRODUCT_BUNDLE_IDENTIFIER = com.asalliou.MyAddresses;
				PRODUCT_NAME = "$(TARGET_NAME)";
				SWIFT_VERSION = 4.0;
				TARGETED_DEVICE_FAMILY = "1,2";
			};
			name = Release;
		};
		447D3648203DA43000E82B83 /* Debug */ = {
			isa = XCBuildConfiguration;
			baseConfigurationReference = CB9D9E919DD2709E8EC4DF20 /* Pods-MyAddressesTests.debug.xcconfig */;
			buildSettings = {
				ALWAYS_EMBED_SWIFT_STANDARD_LIBRARIES = YES;
				BUNDLE_LOADER = "$(TEST_HOST)";
				CODE_SIGN_STYLE = Automatic;
				INFOPLIST_FILE = MyAddressesTests/Info.plist;
				LD_RUNPATH_SEARCH_PATHS = "$(inherited) @executable_path/Frameworks @loader_path/Frameworks";
				PRODUCT_BUNDLE_IDENTIFIER = com.asalliou.MyAddressesTests;
				PRODUCT_NAME = "$(TARGET_NAME)";
				SWIFT_VERSION = 4.0;
				TARGETED_DEVICE_FAMILY = "1,2";
				TEST_HOST = "$(BUILT_PRODUCTS_DIR)/MyAddresses.app/MyAddresses";
			};
			name = Debug;
		};
		447D3649203DA43000E82B83 /* Release */ = {
			isa = XCBuildConfiguration;
			baseConfigurationReference = E0DE775D8D77F0D13ADCD912 /* Pods-MyAddressesTests.release.xcconfig */;
			buildSettings = {
				ALWAYS_EMBED_SWIFT_STANDARD_LIBRARIES = YES;
				BUNDLE_LOADER = "$(TEST_HOST)";
				CODE_SIGN_STYLE = Automatic;
				INFOPLIST_FILE = MyAddressesTests/Info.plist;
				LD_RUNPATH_SEARCH_PATHS = "$(inherited) @executable_path/Frameworks @loader_path/Frameworks";
				PRODUCT_BUNDLE_IDENTIFIER = com.asalliou.MyAddressesTests;
				PRODUCT_NAME = "$(TARGET_NAME)";
				SWIFT_VERSION = 4.0;
				TARGETED_DEVICE_FAMILY = "1,2";
				TEST_HOST = "$(BUILT_PRODUCTS_DIR)/MyAddresses.app/MyAddresses";
			};
			name = Release;
		};
/* End XCBuildConfiguration section */

/* Begin XCConfigurationList section */
		447D3622203DA42F00E82B83 /* Build configuration list for PBXProject "MyAddresses" */ = {
			isa = XCConfigurationList;
			buildConfigurations = (
				447D3642203DA43000E82B83 /* Debug */,
				447D3643203DA43000E82B83 /* Release */,
			);
			defaultConfigurationIsVisible = 0;
			defaultConfigurationName = Release;
		};
		447D3644203DA43000E82B83 /* Build configuration list for PBXNativeTarget "MyAddresses" */ = {
			isa = XCConfigurationList;
			buildConfigurations = (
				447D3645203DA43000E82B83 /* Debug */,
				447D3646203DA43000E82B83 /* Release */,
			);
			defaultConfigurationIsVisible = 0;
			defaultConfigurationName = Release;
		};
		447D3647203DA43000E82B83 /* Build configuration list for PBXNativeTarget "MyAddressesTests" */ = {
			isa = XCConfigurationList;
			buildConfigurations = (
				447D3648203DA43000E82B83 /* Debug */,
				447D3649203DA43000E82B83 /* Release */,
			);
			defaultConfigurationIsVisible = 0;
			defaultConfigurationName = Release;
		};
/* End XCConfigurationList section */
	};
	rootObject = 447D361F203DA42F00E82B83 /* Project object */;
}
